
Microsoft Visual Studio Solution File, Format Version 12.00
# Visual Studio Version 17
VisualStudioVersion = 17.0.31919.166
MinimumVisualStudioVersion = 10.0.40219.1
Project("{FAE04EC0-301F-11D3-BF4B-00C04F79EFBC}") = "TicariOtomasyon", "TicariOtomasyon\TicariOtomasyon.csproj", "{F6799054-0677-4BFC-8DEC-A59560FE31CB}"
EndProject
Global
	GlobalSection(SolutionConfigurationPlatforms) = preSolution
		Debug|Any CPU = Debug|Any CPU
		Release|Any CPU = Release|Any CPU
	EndGlobalSection
	GlobalSection(ProjectConfigurationPlatforms) = postSolution
		{F6799054-0677-4BFC-8DEC-A59560FE31CB}.Debug|Any CPU.ActiveCfg = Debug|Any CPU
		{F6799054-0677-4BFC-8DEC-A59560FE31CB}.Debug|Any CPU.Build.0 = Debug|Any CPU
		{F6799054-0677-4BFC-8DEC-A59560FE31CB}.Release|Any CPU.ActiveCfg = Release|Any CPU
		{F6799054-0677-4BFC-8DEC-A59560FE31CB}.Release|Any CPU.Build.0 = Release|Any CPU
	EndGlobalSection
	GlobalSection(SolutionProperties) = preSolution
		HideSolutionNode = FALSE
	EndGlobalSection
	GlobalSection(ExtensibilityGlobals) = postSolution
		SolutionGuid = {D4806A85-4F6D-476B-B89F-01A704BA06F5}
	EndGlobalSection
EndGlobal
